
Microsoft Visual Studio Solution File, Format Version 12.00
# Visual Studio Version 17
VisualStudioVersion = 17.0.32126.317
MinimumVisualStudioVersion = 10.0.40219.1
Project("{FAE04EC0-301F-11D3-BF4B-00C04F79EFBC}") = "k-wallpaper", "k-wallpaper.csproj", "{961AE348-F425-48B7-A89E-BBA3FDC3039E}"
EndProject
Global
	GlobalSection(SolutionConfigurationPlatforms) = preSolution
		Debug|Any CPU = Debug|Any CPU
		Release|Any CPU = Release|Any CPU
	EndGlobalSection
	GlobalSection(ProjectConfigurationPlatforms) = postSolution
		{961AE348-F425-48B7-A89E-BBA3FDC3039E}.Debug|Any CPU.ActiveCfg = Debug|Any CPU
		{961AE348-F425-48B7-A89E-BBA3FDC3039E}.Debug|Any CPU.Build.0 = Debug|Any CPU
		{961AE348-F425-48B7-A89E-BBA3FDC3039E}.Release|Any CPU.ActiveCfg = Release|Any CPU
		{961AE348-F425-48B7-A89E-BBA3FDC3039E}.Release|Any CPU.Build.0 = Release|Any CPU
	EndGlobalSection
	GlobalSection(SolutionProperties) = preSolution
		HideSolutionNode = FALSE
	EndGlobalSection
	GlobalSection(ExtensibilityGlobals) = postSolution
		SolutionGuid = {E3A5C83D-DF55-4B58-9ECD-489663A85E86}
	EndGlobalSection
EndGlobal
